// !$*UTF8*$!
{
	archiveVersion = 1;
	classes = {
	};
	objectVersion = 56;
	objects = {

/* Begin PBXBuildFile section */
		DC6F6BFE2BF942870038374C /* APButton.swift in Sources */ = {isa = PBXBuildFile; fileRef = DC6F6BFD2BF942870038374C /* APButton.swift */; };
		DC6F6C002BF9436B0038374C /* XDismissButton.swift in Sources */ = {isa = PBXBuildFile; fileRef = DC6F6BFF2BF9436B0038374C /* XDismissButton.swift */; };
		DCA500C32BF5F66600E4EE86 /* AppetizersApp.swift in Sources */ = {isa = PBXBuildFile; fileRef = DCA500C22BF5F66600E4EE86 /* AppetizersApp.swift */; };
		DCA500C52BF5F66600E4EE86 /* AppetizerTabView.swift in Sources */ = {isa = PBXBuildFile; fileRef = DCA500C42BF5F66600E4EE86 /* AppetizerTabView.swift */; };
		DCA500C72BF5F66800E4EE86 /* Assets.xcassets in Resources */ = {isa = PBXBuildFile; fileRef = DCA500C62BF5F66800E4EE86 /* Assets.xcassets */; };
		DCA500CA2BF5F66800E4EE86 /* Preview Assets.xcassets in Resources */ = {isa = PBXBuildFile; fileRef = DCA500C92BF5F66800E4EE86 /* Preview Assets.xcassets */; };
		DCA500D12BF5F6CB00E4EE86 /* AppetizerListView.swift in Sources */ = {isa = PBXBuildFile; fileRef = DCA500D02BF5F6CB00E4EE86 /* AppetizerListView.swift */; };
		DCA500D32BF5F6D300E4EE86 /* AccountView.swift in Sources */ = {isa = PBXBuildFile; fileRef = DCA500D22BF5F6D300E4EE86 /* AccountView.swift */; };
		DCA500D52BF5F6DC00E4EE86 /* OrderView.swift in Sources */ = {isa = PBXBuildFile; fileRef = DCA500D42BF5F6DC00E4EE86 /* OrderView.swift */; };
		DCA500D72BF5FE9700E4EE86 /* Appetizer.swift in Sources */ = {isa = PBXBuildFile; fileRef = DCA500D62BF5FE9700E4EE86 /* Appetizer.swift */; };
		DCA500D92BF6077A00E4EE86 /* AppetizerListCell.swift in Sources */ = {isa = PBXBuildFile; fileRef = DCA500D82BF6077A00E4EE86 /* AppetizerListCell.swift */; };
		DCA500DB2BF60CB500E4EE86 /* NetworkManager.swift in Sources */ = {isa = PBXBuildFile; fileRef = DCA500DA2BF60CB500E4EE86 /* NetworkManager.swift */; };
		DCA500DD2BF60E3700E4EE86 /* APError.swift in Sources */ = {isa = PBXBuildFile; fileRef = DCA500DC2BF60E3700E4EE86 /* APError.swift */; };
		DCA500DF2BF618FA00E4EE86 /* AppetizerListViewModel.swift in Sources */ = {isa = PBXBuildFile; fileRef = DCA500DE2BF618FA00E4EE86 /* AppetizerListViewModel.swift */; };
		DCA500E12BF61A9400E4EE86 /* Alert.swift in Sources */ = {isa = PBXBuildFile; fileRef = DCA500E02BF61A9400E4EE86 /* Alert.swift */; };
		DCA500E32BF61F4600E4EE86 /* LoadingView.swift in Sources */ = {isa = PBXBuildFile; fileRef = DCA500E22BF61F4600E4EE86 /* LoadingView.swift */; };
		DCA500E52BF6203600E4EE86 /* Color+Ext.swift in Sources */ = {isa = PBXBuildFile; fileRef = DCA500E42BF6203600E4EE86 /* Color+Ext.swift */; };
		DCA500E72BF627DC00E4EE86 /* RemoteImage.swift in Sources */ = {isa = PBXBuildFile; fileRef = DCA500E62BF627DC00E4EE86 /* RemoteImage.swift */; };
		DCB081252BF6B28A009E9639 /* AppetizerDetailView.swift in Sources */ = {isa = PBXBuildFile; fileRef = DCB081242BF6B28A009E9639 /* AppetizerDetailView.swift */; };
/* End PBXBuildFile section */

/* Begin PBXFileReference section */
		DC6F6BFD2BF942870038374C /* APButton.swift */ = {isa = PBXFileReference; lastKnownFileType = sourcecode.swift; path = APButton.swift; sourceTree = "<group>"; };
		DC6F6BFF2BF9436B0038374C /* XDismissButton.swift */ = {isa = PBXFileReference; lastKnownFileType = sourcecode.swift; path = XDismissButton.swift; sourceTree = "<group>"; };
		DCA500BF2BF5F66600E4EE86 /* Appetizers.app */ = {isa = PBXFileReference; explicitFileType = wrapper.application; includeInIndex = 0; path = Appetizers.app; sourceTree = BUILT_PRODUCTS_DIR; };
		DCA500C22BF5F66600E4EE86 /* AppetizersApp.swift */ = {isa = PBXFileReference; lastKnownFileType = sourcecode.swift; path = AppetizersApp.swift; sourceTree = "<group>"; };
		DCA500C42BF5F66600E4EE86 /* AppetizerTabView.swift */ = {isa = PBXFileReference; lastKnownFileType = sourcecode.swift; path = AppetizerTabView.swift; sourceTree = "<group>"; };
		DCA500C62BF5F66800E4EE86 /* Assets.xcassets */ = {isa = PBXFileReference; lastKnownFileType = folder.assetcatalog; path = Assets.xcassets; sourceTree = "<group>"; };
		DCA500C92BF5F66800E4EE86 /* Preview Assets.xcassets */ = {isa = PBXFileReference; lastKnownFileType = folder.assetcatalog; path = "Preview Assets.xcassets"; sourceTree = "<group>"; };
		DCA500D02BF5F6CB00E4EE86 /* AppetizerListView.swift */ = {isa = PBXFileReference; lastKnownFileType = sourcecode.swift; path = AppetizerListView.swift; sourceTree = "<group>"; };
		DCA500D22BF5F6D300E4EE86 /* AccountView.swift */ = {isa = PBXFileReference; lastKnownFileType = sourcecode.swift; path = AccountView.swift; sourceTree = "<group>"; };
		DCA500D42BF5F6DC00E4EE86 /* OrderView.swift */ = {isa = PBXFileReference; lastKnownFileType = sourcecode.swift; path = OrderView.swift; sourceTree = "<group>"; };
		DCA500D62BF5FE9700E4EE86 /* Appetizer.swift */ = {isa = PBXFileReference; lastKnownFileType = sourcecode.swift; path = Appetizer.swift; sourceTree = "<group>"; };
		DCA500D82BF6077A00E4EE86 /* AppetizerListCell.swift */ = {isa = PBXFileReference; lastKnownFileType = sourcecode.swift; path = AppetizerListCell.swift; sourceTree = "<group>"; };
		DCA500DA2BF60CB500E4EE86 /* NetworkManager.swift */ = {isa = PBXFileReference; lastKnownFileType = sourcecode.swift; path = NetworkManager.swift; sourceTree = "<group>"; };
		DCA500DC2BF60E3700E4EE86 /* APError.swift */ = {isa = PBXFileReference; lastKnownFileType = sourcecode.swift; path = APError.swift; sourceTree = "<group>"; };
		DCA500DE2BF618FA00E4EE86 /* AppetizerListViewModel.swift */ = {isa = PBXFileReference; lastKnownFileType = sourcecode.swift; path = AppetizerListViewModel.swift; sourceTree = "<group>"; };
		DCA500E02BF61A9400E4EE86 /* Alert.swift */ = {isa = PBXFileReference; lastKnownFileType = sourcecode.swift; path = Alert.swift; sourceTree = "<group>"; };
		DCA500E22BF61F4600E4EE86 /* LoadingView.swift */ = {isa = PBXFileReference; lastKnownFileType = sourcecode.swift; path = LoadingView.swift; sourceTree = "<group>"; };
		DCA500E42BF6203600E4EE86 /* Color+Ext.swift */ = {isa = PBXFileReference; lastKnownFileType = sourcecode.swift; path = "Color+Ext.swift"; sourceTree = "<group>"; };
		DCA500E62BF627DC00E4EE86 /* RemoteImage.swift */ = {isa = PBXFileReference; lastKnownFileType = sourcecode.swift; path = RemoteImage.swift; sourceTree = "<group>"; };
		DCB081242BF6B28A009E9639 /* AppetizerDetailView.swift */ = {isa = PBXFileReference; lastKnownFileType = sourcecode.swift; path = AppetizerDetailView.swift; sourceTree = "<group>"; };
/* End PBXFileReference section */

/* Begin PBXFrameworksBuildPhase section */
		DCA500BC2BF5F66600E4EE86 /* Frameworks */ = {
			isa = PBXFrameworksBuildPhase;
			buildActionMask = 2147483647;
			files = (
			);
			runOnlyForDeploymentPostprocessing = 0;
		};
/* End PBXFrameworksBuildPhase section */

/* Begin PBXGroup section */
		DC6F6BFC2BF942740038374C /* Buttons */ = {
			isa = PBXGroup;
			children = (
				DC6F6BFD2BF942870038374C /* APButton.swift */,
				DC6F6BFF2BF9436B0038374C /* XDismissButton.swift */,
			);
			path = Buttons;
			sourceTree = "<group>";
		};
		DCA500B62BF5F66600E4EE86 = {
			isa = PBXGroup;
			children = (
				DCA500C12BF5F66600E4EE86 /* Appetizers */,
				DCA500C02BF5F66600E4EE86 /* Products */,
			);
			sourceTree = "<group>";
		};
		DCA500C02BF5F66600E4EE86 /* Products */ = {
			isa = PBXGroup;
			children = (
				DCA500BF2BF5F66600E4EE86 /* Appetizers.app */,
			);
			name = Products;
			sourceTree = "<group>";
		};
		DCA500C12BF5F66600E4EE86 /* Appetizers */ = {
			isa = PBXGroup;
			children = (
				DCB0811F2BF6B16A009E9639 /* Model */,
				DCB0811B2BF6B11A009E9639 /* Utilies */,
				DCB081202BF6B18F009E9639 /* Views */,
				DCB081172BF6B098009E9639 /* Screens */,
				DCA500C22BF5F66600E4EE86 /* AppetizersApp.swift */,
				DCA500C62BF5F66800E4EE86 /* Assets.xcassets */,
				DCA500C82BF5F66800E4EE86 /* Preview Content */,
			);
			path = Appetizers;
			sourceTree = "<group>";
		};
		DCA500C82BF5F66800E4EE86 /* Preview Content */ = {
			isa = PBXGroup;
			children = (
				DCA500C92BF5F66800E4EE86 /* Preview Assets.xcassets */,
			);
			path = "Preview Content";
			sourceTree = "<group>";
		};
		DCB081172BF6B098009E9639 /* Screens */ = {
			isa = PBXGroup;
			children = (
				DCA500C42BF5F66600E4EE86 /* AppetizerTabView.swift */,
				DCB081182BF6B0A2009E9639 /* AppetizerListView */,
				DCB081192BF6B0AC009E9639 /* AccountView */,
				DCB0811A2BF6B0B3009E9639 /* OrderView */,
			);
			path = Screens;
			sourceTree = "<group>";
		};
		DCB081182BF6B0A2009E9639 /* AppetizerListView */ = {
			isa = PBXGroup;
			children = (
				DCB081242BF6B28A009E9639 /* AppetizerDetailView.swift */,
				DCA500DE2BF618FA00E4EE86 /* AppetizerListViewModel.swift */,
				DCA500D02BF5F6CB00E4EE86 /* AppetizerListView.swift */,
			);
			path = AppetizerListView;
			sourceTree = "<group>";
		};
		DCB081192BF6B0AC009E9639 /* AccountView */ = {
			isa = PBXGroup;
			children = (
				DCA500D22BF5F6D300E4EE86 /* AccountView.swift */,
			);
			path = AccountView;
			sourceTree = "<group>";
		};
		DCB0811A2BF6B0B3009E9639 /* OrderView */ = {
			isa = PBXGroup;
			children = (
				DCA500D42BF5F6DC00E4EE86 /* OrderView.swift */,
			);
			path = OrderView;
			sourceTree = "<group>";
		};
		DCB0811B2BF6B11A009E9639 /* Utilies */ = {
			isa = PBXGroup;
			children = (
				DCB0811E2BF6B14A009E9639 /* Alerts */,
				DCB0811D2BF6B127009E9639 /* Extensions */,
				DCB0811C2BF6B120009E9639 /* Managers */,
			);
			path = Utilies;
			sourceTree = "<group>";
		};
		DCB0811C2BF6B120009E9639 /* Managers */ = {
			isa = PBXGroup;
			children = (
				DCA500DA2BF60CB500E4EE86 /* NetworkManager.swift */,
			);
			path = Managers;
			sourceTree = "<group>";
		};
		DCB0811D2BF6B127009E9639 /* Extensions */ = {
			isa = PBXGroup;
			children = (
				DCA500E42BF6203600E4EE86 /* Color+Ext.swift */,
			);
			path = Extensions;
			sourceTree = "<group>";
		};
		DCB0811E2BF6B14A009E9639 /* Alerts */ = {
			isa = PBXGroup;
			children = (
				DCA500DC2BF60E3700E4EE86 /* APError.swift */,
				DCA500E02BF61A9400E4EE86 /* Alert.swift */,
			);
			path = Alerts;
			sourceTree = "<group>";
		};
		DCB0811F2BF6B16A009E9639 /* Model */ = {
			isa = PBXGroup;
			children = (
				DCA500D62BF5FE9700E4EE86 /* Appetizer.swift */,
			);
			path = Model;
			sourceTree = "<group>";
		};
		DCB081202BF6B18F009E9639 /* Views */ = {
			isa = PBXGroup;
			children = (
				DC6F6BFC2BF942740038374C /* Buttons */,
				DCB081232BF6B1A2009E9639 /* Image */,
				DCB081222BF6B19D009E9639 /* Cells */,
				DCB081212BF6B195009E9639 /* UIKit Components */,
			);
			path = Views;
			sourceTree = "<group>";
		};
		DCB081212BF6B195009E9639 /* UIKit Components */ = {
			isa = PBXGroup;
			children = (
				DCA500E22BF61F4600E4EE86 /* LoadingView.swift */,
			);
			path = "UIKit Components";
			sourceTree = "<group>";
		};
		DCB081222BF6B19D009E9639 /* Cells */ = {
			isa = PBXGroup;
			children = (
				DCA500D82BF6077A00E4EE86 /* AppetizerListCell.swift */,
			);
			path = Cells;
			sourceTree = "<group>";
		};
		DCB081232BF6B1A2009E9639 /* Image */ = {
			isa = PBXGroup;
			children = (
				DCA500E62BF627DC00E4EE86 /* RemoteImage.swift */,
			);
			path = Image;
			sourceTree = "<group>";
		};
/* End PBXGroup section */

/* Begin PBXNativeTarget section */
		DCA500BE2BF5F66600E4EE86 /* Appetizers */ = {
			isa = PBXNativeTarget;
			buildConfigurationList = DCA500CD2BF5F66800E4EE86 /* Build configuration list for PBXNativeTarget "Appetizers" */;
			buildPhases = (
				DCA500BB2BF5F66600E4EE86 /* Sources */,
				DCA500BC2BF5F66600E4EE86 /* Frameworks */,
				DCA500BD2BF5F66600E4EE86 /* Resources */,
			);
			buildRules = (
			);
			dependencies = (
			);
			name = Appetizers;
			productName = Appetizers;
			productReference = DCA500BF2BF5F66600E4EE86 /* Appetizers.app */;
			productType = "com.apple.product-type.application";
		};
/* End PBXNativeTarget section */

/* Begin PBXProject section */
		DCA500B72BF5F66600E4EE86 /* Project object */ = {
			isa = PBXProject;
			attributes = {
				BuildIndependentTargetsInParallel = 1;
				LastSwiftUpdateCheck = 1510;
				LastUpgradeCheck = 1510;
				TargetAttributes = {
					DCA500BE2BF5F66600E4EE86 = {
						CreatedOnToolsVersion = 15.1;
					};
				};
			};
			buildConfigurationList = DCA500BA2BF5F66600E4EE86 /* Build configuration list for PBXProject "Appetizers" */;
			compatibilityVersion = "Xcode 14.0";
			developmentRegion = en;
			hasScannedForEncodings = 0;
			knownRegions = (
				en,
				Base,
			);
			mainGroup = DCA500B62BF5F66600E4EE86;
			productRefGroup = DCA500C02BF5F66600E4EE86 /* Products */;
			projectDirPath = "";
			projectRoot = "";
			targets = (
				DCA500BE2BF5F66600E4EE86 /* Appetizers */,
			);
		};
/* End PBXProject section */

/* Begin PBXResourcesBuildPhase section */
		DCA500BD2BF5F66600E4EE86 /* Resources */ = {
			isa = PBXResourcesBuildPhase;
			buildActionMask = 2147483647;
			files = (
				DCA500CA2BF5F66800E4EE86 /* Preview Assets.xcassets in Resources */,
				DCA500C72BF5F66800E4EE86 /* Assets.xcassets in Resources */,
			);
			runOnlyForDeploymentPostprocessing = 0;
		};
/* End PBXResourcesBuildPhase section */

/* Begin PBXSourcesBuildPhase section */
		DCA500BB2BF5F66600E4EE86 /* Sources */ = {
			isa = PBXSourcesBuildPhase;
			buildActionMask = 2147483647;
			files = (
				DCA500D72BF5FE9700E4EE86 /* Appetizer.swift in Sources */,
				DCA500DD2BF60E3700E4EE86 /* APError.swift in Sources */,
				DC6F6C002BF9436B0038374C /* XDismissButton.swift in Sources */,
				DCA500D92BF6077A00E4EE86 /* AppetizerListCell.swift in Sources */,
				DCA500DF2BF618FA00E4EE86 /* AppetizerListViewModel.swift in Sources */,
				DCA500E52BF6203600E4EE86 /* Color+Ext.swift in Sources */,
				DCA500D32BF5F6D300E4EE86 /* AccountView.swift in Sources */,
				DC6F6BFE2BF942870038374C /* APButton.swift in Sources */,
				DCA500E32BF61F4600E4EE86 /* LoadingView.swift in Sources */,
				DCA500C52BF5F66600E4EE86 /* AppetizerTabView.swift in Sources */,
				DCA500DB2BF60CB500E4EE86 /* NetworkManager.swift in Sources */,
				DCA500E72BF627DC00E4EE86 /* RemoteImage.swift in Sources */,
				DCA500C32BF5F66600E4EE86 /* AppetizersApp.swift in Sources */,
				DCA500E12BF61A9400E4EE86 /* Alert.swift in Sources */,
				DCA500D12BF5F6CB00E4EE86 /* AppetizerListView.swift in Sources */,
				DCB081252BF6B28A009E9639 /* AppetizerDetailView.swift in Sources */,
				DCA500D52BF5F6DC00E4EE86 /* OrderView.swift in Sources */,
			);
			runOnlyForDeploymentPostprocessing = 0;
		};
/* End PBXSourcesBuildPhase section */

/* Begin XCBuildConfiguration section */
		DCA500CB2BF5F66800E4EE86 /* Debug */ = {
			isa = XCBuildConfiguration;
			buildSettings = {
				ALWAYS_SEARCH_USER_PATHS = NO;
				ASSETCATALOG_COMPILER_GENERATE_SWIFT_ASSET_SYMBOL_EXTENSIONS = YES;
				CLANG_ANALYZER_NONNULL = YES;
				CLANG_ANALYZER_NUMBER_OBJECT_CONVERSION = YES_AGGRESSIVE;
				CLANG_CXX_LANGUAGE_STANDARD = "gnu++20";
				CLANG_ENABLE_MODULES = YES;
				CLANG_ENABLE_OBJC_ARC = YES;
				CLANG_ENABLE_OBJC_WEAK = YES;
				CLANG_WARN_BLOCK_CAPTURE_AUTORELEASING = YES;
				CLANG_WARN_BOOL_CONVERSION = YES;
				CLANG_WARN_COMMA = YES;
				CLANG_WARN_CONSTANT_CONVERSION = YES;
				CLANG_WARN_DEPRECATED_OBJC_IMPLEMENTATIONS = YES;
				CLANG_WARN_DIRECT_OBJC_ISA_USAGE = YES_ERROR;
				CLANG_WARN_DOCUMENTATION_COMMENTS = YES;
				CLANG_WARN_EMPTY_BODY = YES;
				CLANG_WARN_ENUM_CONVERSION = YES;
				CLANG_WARN_INFINITE_RECURSION = YES;
				CLANG_WARN_INT_CONVERSION = YES;
				CLANG_WARN_NON_LITERAL_NULL_CONVERSION = YES;
				CLANG_WARN_OBJC_IMPLICIT_RETAIN_SELF = YES;
				CLANG_WARN_OBJC_LITERAL_CONVERSION = YES;
				CLANG_WARN_OBJC_ROOT_CLASS = YES_ERROR;
				CLANG_WARN_QUOTED_INCLUDE_IN_FRAMEWORK_HEADER = YES;
				CLANG_WARN_RANGE_LOOP_ANALYSIS = YES;
				CLANG_WARN_STRICT_PROTOTYPES = YES;
				CLANG_WARN_SUSPICIOUS_MOVE = YES;
				CLANG_WARN_UNGUARDED_AVAILABILITY = YES_AGGRESSIVE;
				CLANG_WARN_UNREACHABLE_CODE = YES;
				CLANG_WARN__DUPLICATE_METHOD_MATCH = YES;
				COPY_PHASE_STRIP = NO;
				DEBUG_INFORMATION_FORMAT = dwarf;
				ENABLE_STRICT_OBJC_MSGSEND = YES;
				ENABLE_TESTABILITY = YES;
				ENABLE_USER_SCRIPT_SANDBOXING = YES;
				GCC_C_LANGUAGE_STANDARD = gnu17;
				GCC_DYNAMIC_NO_PIC = NO;
				GCC_NO_COMMON_BLOCKS = YES;
				GCC_OPTIMIZATION_LEVEL = 0;
				GCC_PREPROCESSOR_DEFINITIONS = (
					"DEBUG=1",
					"$(inherited)",
				);
				GCC_WARN_64_TO_32_BIT_CONVERSION = YES;
				GCC_WARN_ABOUT_RETURN_TYPE = YES_ERROR;
				GCC_WARN_UNDECLARED_SELECTOR = YES;
				GCC_WARN_UNINITIALIZED_AUTOS = YES_AGGRESSIVE;
				GCC_WARN_UNUSED_FUNCTION = YES;
				GCC_WARN_UNUSED_VARIABLE = YES;
				IPHONEOS_DEPLOYMENT_TARGET = 17.2;
				LOCALIZATION_PREFERS_STRING_CATALOGS = YES;
				MTL_ENABLE_DEBUG_INFO = INCLUDE_SOURCE;
				MTL_FAST_MATH = YES;
				ONLY_ACTIVE_ARCH = YES;
				SDKROOT = iphoneos;
				SWIFT_ACTIVE_COMPILATION_CONDITIONS = "DEBUG $(inherited)";
				SWIFT_OPTIMIZATION_LEVEL = "-Onone";
			};
			name = Debug;
		};
		DCA500CC2BF5F66800E4EE86 /* Release */ = {
			isa = XCBuildConfiguration;
			buildSettings = {
				ALWAYS_SEARCH_USER_PATHS = NO;
				ASSETCATALOG_COMPILER_GENERATE_SWIFT_ASSET_SYMBOL_EXTENSIONS = YES;
				CLANG_ANALYZER_NONNULL = YES;
				CLANG_ANALYZER_NUMBER_OBJECT_CONVERSION = YES_AGGRESSIVE;
				CLANG_CXX_LANGUAGE_STANDARD = "gnu++20";
				CLANG_ENABLE_MODULES = YES;
				CLANG_ENABLE_OBJC_ARC = YES;
				CLANG_ENABLE_OBJC_WEAK = YES;
				CLANG_WARN_BLOCK_CAPTURE_AUTORELEASING = YES;
				CLANG_WARN_BOOL_CONVERSION = YES;
				CLANG_WARN_COMMA = YES;
				CLANG_WARN_CONSTANT_CONVERSION = YES;
				CLANG_WARN_DEPRECATED_OBJC_IMPLEMENTATIONS = YES;
				CLANG_WARN_DIRECT_OBJC_ISA_USAGE = YES_ERROR;
				CLANG_WARN_DOCUMENTATION_COMMENTS = YES;
				CLANG_WARN_EMPTY_BODY = YES;
				CLANG_WARN_ENUM_CONVERSION = YES;
				CLANG_WARN_INFINITE_RECURSION = YES;
				CLANG_WARN_INT_CONVERSION = YES;
				CLANG_WARN_NON_LITERAL_NULL_CONVERSION = YES;
				CLANG_WARN_OBJC_IMPLICIT_RETAIN_SELF = YES;
				CLANG_WARN_OBJC_LITERAL_CONVERSION = YES;
				CLANG_WARN_OBJC_ROOT_CLASS = YES_ERROR;
				CLANG_WARN_QUOTED_INCLUDE_IN_FRAMEWORK_HEADER = YES;
				CLANG_WARN_RANGE_LOOP_ANALYSIS = YES;
				CLANG_WARN_STRICT_PROTOTYPES = YES;
				CLANG_WARN_SUSPICIOUS_MOVE = YES;
				CLANG_WARN_UNGUARDED_AVAILABILITY = YES_AGGRESSIVE;
				CLANG_WARN_UNREACHABLE_CODE = YES;
				CLANG_WARN__DUPLICATE_METHOD_MATCH = YES;
				COPY_PHASE_STRIP = NO;
				DEBUG_INFORMATION_FORMAT = "dwarf-with-dsym";
				ENABLE_NS_ASSERTIONS = NO;
				ENABLE_STRICT_OBJC_MSGSEND = YES;
				ENABLE_USER_SCRIPT_SANDBOXING = YES;
				GCC_C_LANGUAGE_STANDARD = gnu17;
				GCC_NO_COMMON_BLOCKS = YES;
				GCC_WARN_64_TO_32_BIT_CONVERSION = YES;
				GCC_WARN_ABOUT_RETURN_TYPE = YES_ERROR;
				GCC_WARN_UNDECLARED_SELECTOR = YES;
				GCC_WARN_UNINITIALIZED_AUTOS = YES_AGGRESSIVE;
				GCC_WARN_UNUSED_FUNCTION = YES;
				GCC_WARN_UNUSED_VARIABLE = YES;
				IPHONEOS_DEPLOYMENT_TARGET = 17.2;
				LOCALIZATION_PREFERS_STRING_CATALOGS = YES;
				MTL_ENABLE_DEBUG_INFO = NO;
				MTL_FAST_MATH = YES;
				SDKROOT = iphoneos;
				SWIFT_COMPILATION_MODE = wholemodule;
				VALIDATE_PRODUCT = YES;
			};
			name = Release;
		};
		DCA500CE2BF5F66800E4EE86 /* Debug */ = {
			isa = XCBuildConfiguration;
			buildSettings = {
				ASSETCATALOG_COMPILER_APPICON_NAME = AppIcon;
				ASSETCATALOG_COMPILER_GLOBAL_ACCENT_COLOR_NAME = AccentColor;
				CODE_SIGN_STYLE = Automatic;
				CURRENT_PROJECT_VERSION = 1;
				DEVELOPMENT_ASSET_PATHS = "\"Appetizers/Preview Content\"";
				DEVELOPMENT_TEAM = M9BG9J9LFY;
				ENABLE_PREVIEWS = YES;
				GENERATE_INFOPLIST_FILE = YES;
				INFOPLIST_KEY_UIApplicationSceneManifest_Generation = YES;
				INFOPLIST_KEY_UIApplicationSupportsIndirectInputEvents = YES;
				INFOPLIST_KEY_UILaunchScreen_Generation = YES;
				INFOPLIST_KEY_UISupportedInterfaceOrientations_iPad = "UIInterfaceOrientationPortrait UIInterfaceOrientationPortraitUpsideDown UIInterfaceOrientationLandscapeLeft UIInterfaceOrientationLandscapeRight";
				INFOPLIST_KEY_UISupportedInterfaceOrientations_iPhone = "UIInterfaceOrientationPortrait UIInterfaceOrientationLandscapeLeft UIInterfaceOrientationLandscapeRight";
				LD_RUNPATH_SEARCH_PATHS = (
					"$(inherited)",
					"@executable_path/Frameworks",
				);
				MARKETING_VERSION = 1.0;
				PRODUCT_BUNDLE_IDENTIFIER = com.Recep.Appetizers;
				PRODUCT_NAME = "$(TARGET_NAME)";
				SWIFT_EMIT_LOC_STRINGS = YES;
				SWIFT_VERSION = 5.0;
				TARGETED_DEVICE_FAMILY = "1,2";
			};
			name = Debug;
		};
		DCA500CF2BF5F66800E4EE86 /* Release */ = {
			isa = XCBuildConfiguration;
			buildSettings = {
				ASSETCATALOG_COMPILER_APPICON_NAME = AppIcon;
				ASSETCATALOG_COMPILER_GLOBAL_ACCENT_COLOR_NAME = AccentColor;
				CODE_SIGN_STYLE = Automatic;
				CURRENT_PROJECT_VERSION = 1;
				DEVELOPMENT_ASSET_PATHS = "\"Appetizers/Preview Content\"";
				DEVELOPMENT_TEAM = M9BG9J9LFY;
				ENABLE_PREVIEWS = YES;
				GENERATE_INFOPLIST_FILE = YES;
				INFOPLIST_KEY_UIApplicationSceneManifest_Generation = YES;
				INFOPLIST_KEY_UIApplicationSupportsIndirectInputEvents = YES;
				INFOPLIST_KEY_UILaunchScreen_Generation = YES;
				INFOPLIST_KEY_UISupportedInterfaceOrientations_iPad = "UIInterfaceOrientationPortrait UIInterfaceOrientationPortraitUpsideDown UIInterfaceOrientationLandscapeLeft UIInterfaceOrientationLandscapeRight";
				INFOPLIST_KEY_UISupportedInterfaceOrientations_iPhone = "UIInterfaceOrientationPortrait UIInterfaceOrientationLandscapeLeft UIInterfaceOrientationLandscapeRight";
				LD_RUNPATH_SEARCH_PATHS = (
					"$(inherited)",
					"@executable_path/Frameworks",
				);
				MARKETING_VERSION = 1.0;
				PRODUCT_BUNDLE_IDENTIFIER = com.Recep.Appetizers;
				PRODUCT_NAME = "$(TARGET_NAME)";
				SWIFT_EMIT_LOC_STRINGS = YES;
				SWIFT_VERSION = 5.0;
				TARGETED_DEVICE_FAMILY = "1,2";
			};
			name = Release;
		};
/* End XCBuildConfiguration section */

/* Begin XCConfigurationList section */
		DCA500BA2BF5F66600E4EE86 /* Build configuration list for PBXProject "Appetizers" */ = {
			isa = XCConfigurationList;
			buildConfigurations = (
				DCA500CB2BF5F66800E4EE86 /* Debug */,
				DCA500CC2BF5F66800E4EE86 /* Release */,
			);
			defaultConfigurationIsVisible = 0;
			defaultConfigurationName = Release;
		};
		DCA500CD2BF5F66800E4EE86 /* Build configuration list for PBXNativeTarget "Appetizers" */ = {
			isa = XCConfigurationList;
			buildConfigurations = (
				DCA500CE2BF5F66800E4EE86 /* Debug */,
				DCA500CF2BF5F66800E4EE86 /* Release */,
			);
			defaultConfigurationIsVisible = 0;
			defaultConfigurationName = Release;
		};
/* End XCConfigurationList section */
	};
	rootObject = DCA500B72BF5F66600E4EE86 /* Project object */;
}
